
Microsoft Visual Studio Solution File, Format Version 12.00
# Visual Studio Version 16
VisualStudioVersion = 16.0.31702.278
MinimumVisualStudioVersion = 10.0.40219.1
Project("{FAE04EC0-301F-11D3-BF4B-00C04F79EFBC}") = "MyFirstApp2", "MyFirstApp2.csproj", "{98270D6A-1041-4972-B86E-FB1F5DEB165F}"
EndProject
Global
	GlobalSection(SolutionConfigurationPlatforms) = preSolution
		Debug|Any CPU = Debug|Any CPU
		Release|Any CPU = Release|Any CPU
	EndGlobalSection
	GlobalSection(ProjectConfigurationPlatforms) = postSolution
		{98270D6A-1041-4972-B86E-FB1F5DEB165F}.Debug|Any CPU.ActiveCfg = Debug|Any CPU
		{98270D6A-1041-4972-B86E-FB1F5DEB165F}.Debug|Any CPU.Build.0 = Debug|Any CPU
		{98270D6A-1041-4972-B86E-FB1F5DEB165F}.Release|Any CPU.ActiveCfg = Release|Any CPU
		{98270D6A-1041-4972-B86E-FB1F5DEB165F}.Release|Any CPU.Build.0 = Release|Any CPU
	EndGlobalSection
	GlobalSection(SolutionProperties) = preSolution
		HideSolutionNode = FALSE
	EndGlobalSection
	GlobalSection(ExtensibilityGlobals) = postSolution
		SolutionGuid = {CF5AC007-B435-4E79-B15F-791139A925CF}
	EndGlobalSection
EndGlobal
